{
  "requires": true,
  "lockfileVersion": 1,
  "dependencies": {
    "@angular/common": {
      "version": "11.0.2",
      "resolved": "https://registry.npmjs.org/@angular/common/-/common-11.0.2.tgz",
      "integrity": "sha512-DGJuSBDt+bF77AzJNrLzeaFGSdwQ3OjgP9UUv1eKvaxp9D+lDam8suIJMuBwTsJII/yrDndY75ENPNTEqhmB2A==",
      "requires": {
        "tslib": "^2.0.0"
      }
    },
    "@angular/core": {
      "version": "11.0.2",
      "resolved": "https://registry.npmjs.org/@angular/core/-/core-11.0.2.tgz",
      "integrity": "sha512-GyDebks5ZPHDyChDW3VvzJq00Ct0iuesNpb9z/GpKtOXqug3sGr4KgkFDUTbfizKPWyeoaLH9FQYP55215nCKQ==",
      "requires": {
        "tslib": "^2.0.0"
      }
    },
    "@angular/forms": {
      "version": "11.0.2",
      "resolved": "https://registry.npmjs.org/@angular/forms/-/forms-11.0.2.tgz",
      "integrity": "sha512-Rn17VPviTTwiDn8Yt/UzdkXjFX0LdvjkmTNZoakqOk8/QNnsCG5sUDJAV7BKHk+2nEfUGCopS4kpBiLKLoaBpQ==",
      "requires": {
        "tslib": "^2.0.0"
      }
    },
    "@angular/platform-browser": {
      "version": "11.0.2",
      "resolved": "https://registry.npmjs.org/@angular/platform-browser/-/platform-browser-11.0.2.tgz",
      "integrity": "sha512-RHPm5/h8g3lSBgdg9OvO7w06juEwwBurvQcugXlk7+AeqznwzBodTWGPIATKzMySXQFmpy3bAZ3IxS0NkRrbWA==",
      "requires": {
        "tslib": "^2.0.0"
      }
    },
    "tslib": {
      "version": "2.0.3",
      "resolved": "https://registry.npmjs.org/tslib/-/tslib-2.0.3.tgz",
      "integrity": "sha512-uZtkfKblCEQtZKBF6EBXVZeQNl82yqtDQdv+eck8u7tdPxjLu2/lp5/uPW+um2tpuxINHWy3GhiccY7QgEaVHQ=="
    }
  }
}
